
Microsoft Visual Studio Solution File, Format Version 12.00
# Visual Studio Version 17
VisualStudioVersion = 17.2.32516.85
MinimumVisualStudioVersion = 10.0.40219.1
Project("{FAE04EC0-301F-11D3-BF4B-00C04F79EFBC}") = "AdminProfileUpdate", "AdminProfileUpdate\AdminProfileUpdate.csproj", "{4779A7DF-98F8-4A3D-8912-EEAA51D68EE0}"
EndProject
Global
	GlobalSection(SolutionConfigurationPlatforms) = preSolution
		Debug|Any CPU = Debug|Any CPU
		Release|Any CPU = Release|Any CPU
	EndGlobalSection
	GlobalSection(ProjectConfigurationPlatforms) = postSolution
		{4779A7DF-98F8-4A3D-8912-EEAA51D68EE0}.Debug|Any CPU.ActiveCfg = Debug|Any CPU
		{4779A7DF-98F8-4A3D-8912-EEAA51D68EE0}.Debug|Any CPU.Build.0 = Debug|Any CPU
		{4779A7DF-98F8-4A3D-8912-EEAA51D68EE0}.Release|Any CPU.ActiveCfg = Release|Any CPU
		{4779A7DF-98F8-4A3D-8912-EEAA51D68EE0}.Release|Any CPU.Build.0 = Release|Any CPU
	EndGlobalSection
	GlobalSection(SolutionProperties) = preSolution
		HideSolutionNode = FALSE
	EndGlobalSection
	GlobalSection(ExtensibilityGlobals) = postSolution
		SolutionGuid = {94840C07-4A19-4DA0-99A8-9DDA1FFE0136}
	EndGlobalSection
EndGlobal
